
Microsoft Visual Studio Solution File, Format Version 12.00
# Visual Studio Version 17
VisualStudioVersion = 17.8.34525.116
MinimumVisualStudioVersion = 10.0.40219.1
Project("{9A19103F-16F7-4668-BE54-9A1E7A4F7556}") = "lab12_3", "lab12_3\lab12_3.csproj", "{1E969B03-0986-4096-883C-C991FEF63364}"
EndProject
Project("{FAE04EC0-301F-11D3-BF4B-00C04F79EFBC}") = "TestProject1", "TestProject1\TestProject1.csproj", "{F39E7A89-F72F-44FA-AEF0-42DED5EE5C4F}"
EndProject
Global
	GlobalSection(SolutionConfigurationPlatforms) = preSolution
		Debug|Any CPU = Debug|Any CPU
		Release|Any CPU = Release|Any CPU
	EndGlobalSection
	GlobalSection(ProjectConfigurationPlatforms) = postSolution
		{1E969B03-0986-4096-883C-C991FEF63364}.Debug|Any CPU.ActiveCfg = Debug|Any CPU
		{1E969B03-0986-4096-883C-C991FEF63364}.Debug|Any CPU.Build.0 = Debug|Any CPU
		{1E969B03-0986-4096-883C-C991FEF63364}.Release|Any CPU.ActiveCfg = Release|Any CPU
		{1E969B03-0986-4096-883C-C991FEF63364}.Release|Any CPU.Build.0 = Release|Any CPU
		{F39E7A89-F72F-44FA-AEF0-42DED5EE5C4F}.Debug|Any CPU.ActiveCfg = Debug|Any CPU
		{F39E7A89-F72F-44FA-AEF0-42DED5EE5C4F}.Debug|Any CPU.Build.0 = Debug|Any CPU
		{F39E7A89-F72F-44FA-AEF0-42DED5EE5C4F}.Release|Any CPU.ActiveCfg = Release|Any CPU
		{F39E7A89-F72F-44FA-AEF0-42DED5EE5C4F}.Release|Any CPU.Build.0 = Release|Any CPU
	EndGlobalSection
	GlobalSection(SolutionProperties) = preSolution
		HideSolutionNode = FALSE
	EndGlobalSection
	GlobalSection(ExtensibilityGlobals) = postSolution
		SolutionGuid = {C2FE29EF-E35B-446E-803F-B948A51F0BFB}
	EndGlobalSection
EndGlobal
